// !$*UTF8*$!
{
	archiveVersion = 1;
	classes = {
	};
	objectVersion = 48;
	objects = {

/* Begin PBXBuildFile section */
		1B53907A2381700ADCB1607C /* Pods_setuyaku.framework in Frameworks */ = {isa = PBXBuildFile; fileRef = 31EA431878053C85A89F8E36 /* Pods_setuyaku.framework */; };
		220F845120C161CB001E78D0 /* kirokuViewController.swift in Sources */ = {isa = PBXBuildFile; fileRef = 220F845020C161CB001E78D0 /* kirokuViewController.swift */; };
		220F845320C161E6001E78D0 /* youbiViewController.swift in Sources */ = {isa = PBXBuildFile; fileRef = 220F845220C161E6001E78D0 /* youbiViewController.swift */; };
		220F845520C16206001E78D0 /* memoViewController.swift in Sources */ = {isa = PBXBuildFile; fileRef = 220F845420C16206001E78D0 /* memoViewController.swift */; };
		221E1CD620DD01040038CB5B /* kakodataViewController.swift in Sources */ = {isa = PBXBuildFile; fileRef = 221E1CD520DD01040038CB5B /* kakodataViewController.swift */; };
		221E1CD820DD013D0038CB5B /* FirstViewController.swift in Sources */ = {isa = PBXBuildFile; fileRef = 221E1CD720DD013D0038CB5B /* FirstViewController.swift */; };
		22751684203589C5008C84A9 /* AppDelegate.swift in Sources */ = {isa = PBXBuildFile; fileRef = 22751683203589C5008C84A9 /* AppDelegate.swift */; };
		22751686203589C5008C84A9 /* ViewController.swift in Sources */ = {isa = PBXBuildFile; fileRef = 22751685203589C5008C84A9 /* ViewController.swift */; };
		22751689203589C5008C84A9 /* Main.storyboard in Resources */ = {isa = PBXBuildFile; fileRef = 22751687203589C5008C84A9 /* Main.storyboard */; };
		2275168B203589C5008C84A9 /* Assets.xcassets in Resources */ = {isa = PBXBuildFile; fileRef = 2275168A203589C5008C84A9 /* Assets.xcassets */; };
		2275168E203589C5008C84A9 /* LaunchScreen.storyboard in Resources */ = {isa = PBXBuildFile; fileRef = 2275168C203589C5008C84A9 /* LaunchScreen.storyboard */; };
		22751699203589C5008C84A9 /* setuyakuTests.swift in Sources */ = {isa = PBXBuildFile; fileRef = 22751698203589C5008C84A9 /* setuyakuTests.swift */; };
		227516A4203589C5008C84A9 /* setuyakuUITests.swift in Sources */ = {isa = PBXBuildFile; fileRef = 227516A3203589C5008C84A9 /* setuyakuUITests.swift */; };
		2F3DDD6A1969B0AE8EDC9C1F /* Pods_setuyakuTests.framework in Frameworks */ = {isa = PBXBuildFile; fileRef = 00359E6DEDE53D6AA70B71C0 /* Pods_setuyakuTests.framework */; };
		781ACF9778DE9E61CA50499D /* Pods_setuyakuUITests.framework in Frameworks */ = {isa = PBXBuildFile; fileRef = 712441DF1820DFE0FFB55948 /* Pods_setuyakuUITests.framework */; };
/* End PBXBuildFile section */

/* Begin PBXContainerItemProxy section */
		22751695203589C5008C84A9 /* PBXContainerItemProxy */ = {
			isa = PBXContainerItemProxy;
			containerPortal = 22751678203589C4008C84A9 /* Project object */;
			proxyType = 1;
			remoteGlobalIDString = 2275167F203589C5008C84A9;
			remoteInfo = setuyaku;
		};
		227516A0203589C5008C84A9 /* PBXContainerItemProxy */ = {
			isa = PBXContainerItemProxy;
			containerPortal = 22751678203589C4008C84A9 /* Project object */;
			proxyType = 1;
			remoteGlobalIDString = 2275167F203589C5008C84A9;
			remoteInfo = setuyaku;
		};
/* End PBXContainerItemProxy section */

/* Begin PBXFileReference section */
		00359E6DEDE53D6AA70B71C0 /* Pods_setuyakuTests.framework */ = {isa = PBXFileReference; explicitFileType = wrapper.framework; includeInIndex = 0; path = Pods_setuyakuTests.framework; sourceTree = BUILT_PRODUCTS_DIR; };
		0E4ACC8B0C6B899362F129FD /* Pods-setuyakuUITests.debug.xcconfig */ = {isa = PBXFileReference; includeInIndex = 1; lastKnownFileType = text.xcconfig; name = "Pods-setuyakuUITests.debug.xcconfig"; path = "Pods/Target Support Files/Pods-setuyakuUITests/Pods-setuyakuUITests.debug.xcconfig"; sourceTree = "<group>"; };
		220F844620C15065001E78D0 /* NotoSansMonoCJKjp-Boldのコピー2.otf */ = {isa = PBXFileReference; lastKnownFileType = file; path = "NotoSansMonoCJKjp-Boldのコピー2.otf"; sourceTree = "<group>"; };
		220F844720C15067001E78D0 /* NotoSansMonoCJKjp-Regularのコピー2.otf */ = {isa = PBXFileReference; lastKnownFileType = file; path = "NotoSansMonoCJKjp-Regularのコピー2.otf"; sourceTree = "<group>"; };
		220F844820C15069001E78D0 /* NotoSansCJKjp-DemiLightのコピー2.otf */ = {isa = PBXFileReference; lastKnownFileType = file; path = "NotoSansCJKjp-DemiLightのコピー2.otf"; sourceTree = "<group>"; };
		220F844920C15070001E78D0 /* NotoSansCJKjp-Lightのコピー2.otf */ = {isa = PBXFileReference; lastKnownFileType = file; path = "NotoSansCJKjp-Lightのコピー2.otf"; sourceTree = "<group>"; };
		220F844A20C15071001E78D0 /* NotoSansCJKjp-Boldのコピー2.otf */ = {isa = PBXFileReference; lastKnownFileType = file; path = "NotoSansCJKjp-Boldのコピー2.otf"; sourceTree = "<group>"; };
		220F844B20C15072001E78D0 /* NotoSansCJKjp-Thinのコピー2.otf */ = {isa = PBXFileReference; lastKnownFileType = file; path = "NotoSansCJKjp-Thinのコピー2.otf"; sourceTree = "<group>"; };
		220F844C20C15073001E78D0 /* NotoSansCJKjp-Regularのコピー2.otf */ = {isa = PBXFileReference; lastKnownFileType = file; path = "NotoSansCJKjp-Regularのコピー2.otf"; sourceTree = "<group>"; };
		220F844D20C15075001E78D0 /* NotoSansCJKjp-Blackのコピー2.otf */ = {isa = PBXFileReference; lastKnownFileType = file; path = "NotoSansCJKjp-Blackのコピー2.otf"; sourceTree = "<group>"; };
		220F844E20C15075001E78D0 /* Oranienbaumのコピー2.ttf */ = {isa = PBXFileReference; lastKnownFileType = file; path = "Oranienbaumのコピー2.ttf"; sourceTree = "<group>"; };
		220F844F20C15076001E78D0 /* NotoSansCJKjp-Mediumのコピー2.otf */ = {isa = PBXFileReference; lastKnownFileType = file; path = "NotoSansCJKjp-Mediumのコピー2.otf"; sourceTree = "<group>"; };
		220F845020C161CB001E78D0 /* kirokuViewController.swift */ = {isa = PBXFileReference; lastKnownFileType = sourcecode.swift; path = kirokuViewController.swift; sourceTree = "<group>"; };
		220F845220C161E6001E78D0 /* youbiViewController.swift */ = {isa = PBXFileReference; lastKnownFileType = sourcecode.swift; path = youbiViewController.swift; sourceTree = "<group>"; };
		220F845420C16206001E78D0 /* memoViewController.swift */ = {isa = PBXFileReference; lastKnownFileType = sourcecode.swift; path = memoViewController.swift; sourceTree = "<group>"; };
		221E1CD520DD01040038CB5B /* kakodataViewController.swift */ = {isa = PBXFileReference; lastKnownFileType = sourcecode.swift; path = kakodataViewController.swift; sourceTree = "<group>"; };
		221E1CD720DD013D0038CB5B /* FirstViewController.swift */ = {isa = PBXFileReference; lastKnownFileType = sourcecode.swift; path = FirstViewController.swift; sourceTree = "<group>"; };
		22751680203589C5008C84A9 /* setuyaku.app */ = {isa = PBXFileReference; explicitFileType = wrapper.application; includeInIndex = 0; path = setuyaku.app; sourceTree = BUILT_PRODUCTS_DIR; };
		22751683203589C5008C84A9 /* AppDelegate.swift */ = {isa = PBXFileReference; lastKnownFileType = sourcecode.swift; path = AppDelegate.swift; sourceTree = "<group>"; };
		22751685203589C5008C84A9 /* ViewController.swift */ = {isa = PBXFileReference; lastKnownFileType = sourcecode.swift; path = ViewController.swift; sourceTree = "<group>"; };
		22751688203589C5008C84A9 /* Base */ = {isa = PBXFileReference; lastKnownFileType = file.storyboard; name = Base; path = Base.lproj/Main.storyboard; sourceTree = "<group>"; };
		2275168A203589C5008C84A9 /* Assets.xcassets */ = {isa = PBXFileReference; lastKnownFileType = folder.assetcatalog; path = Assets.xcassets; sourceTree = "<group>"; };
		2275168D203589C5008C84A9 /* Base */ = {isa = PBXFileReference; lastKnownFileType = file.storyboard; name = Base; path = Base.lproj/LaunchScreen.storyboard; sourceTree = "<group>"; };
		2275168F203589C5008C84A9 /* Info.plist */ = {isa = PBXFileReference; lastKnownFileType = text.plist.xml; path = Info.plist; sourceTree = "<group>"; };
		22751694203589C5008C84A9 /* setuyakuTests.xctest */ = {isa = PBXFileReference; explicitFileType = wrapper.cfbundle; includeInIndex = 0; path = setuyakuTests.xctest; sourceTree = BUILT_PRODUCTS_DIR; };
		22751698203589C5008C84A9 /* setuyakuTests.swift */ = {isa = PBXFileReference; lastKnownFileType = sourcecode.swift; path = setuyakuTests.swift; sourceTree = "<group>"; };
		2275169A203589C5008C84A9 /* Info.plist */ = {isa = PBXFileReference; lastKnownFileType = text.plist.xml; path = Info.plist; sourceTree = "<group>"; };
		2275169F203589C5008C84A9 /* setuyakuUITests.xctest */ = {isa = PBXFileReference; explicitFileType = wrapper.cfbundle; includeInIndex = 0; path = setuyakuUITests.xctest; sourceTree = BUILT_PRODUCTS_DIR; };
		227516A3203589C5008C84A9 /* setuyakuUITests.swift */ = {isa = PBXFileReference; lastKnownFileType = sourcecode.swift; path = setuyakuUITests.swift; sourceTree = "<group>"; };
		227516A5203589C5008C84A9 /* Info.plist */ = {isa = PBXFileReference; lastKnownFileType = text.plist.xml; path = Info.plist; sourceTree = "<group>"; };
		2E25BCDB0E44641E7828DB85 /* Pods-setuyakuTests.release.xcconfig */ = {isa = PBXFileReference; includeInIndex = 1; lastKnownFileType = text.xcconfig; name = "Pods-setuyakuTests.release.xcconfig"; path = "Pods/Target Support Files/Pods-setuyakuTests/Pods-setuyakuTests.release.xcconfig"; sourceTree = "<group>"; };
		31EA431878053C85A89F8E36 /* Pods_setuyaku.framework */ = {isa = PBXFileReference; explicitFileType = wrapper.framework; includeInIndex = 0; path = Pods_setuyaku.framework; sourceTree = BUILT_PRODUCTS_DIR; };
		67401F29AF81C488DD0DE90D /* Pods-setuyaku.debug.xcconfig */ = {isa = PBXFileReference; includeInIndex = 1; lastKnownFileType = text.xcconfig; name = "Pods-setuyaku.debug.xcconfig"; path = "Pods/Target Support Files/Pods-setuyaku/Pods-setuyaku.debug.xcconfig"; sourceTree = "<group>"; };
		712441DF1820DFE0FFB55948 /* Pods_setuyakuUITests.framework */ = {isa = PBXFileReference; explicitFileType = wrapper.framework; includeInIndex = 0; path = Pods_setuyakuUITests.framework; sourceTree = BUILT_PRODUCTS_DIR; };
		AD58E3201F927C72823877C0 /* Pods-setuyakuUITests.release.xcconfig */ = {isa = PBXFileReference; includeInIndex = 1; lastKnownFileType = text.xcconfig; name = "Pods-setuyakuUITests.release.xcconfig"; path = "Pods/Target Support Files/Pods-setuyakuUITests/Pods-setuyakuUITests.release.xcconfig"; sourceTree = "<group>"; };
		ADEB11FD516C1BB3FE64DA94 /* Pods-setuyakuTests.debug.xcconfig */ = {isa = PBXFileReference; includeInIndex = 1; lastKnownFileType = text.xcconfig; name = "Pods-setuyakuTests.debug.xcconfig"; path = "Pods/Target Support Files/Pods-setuyakuTests/Pods-setuyakuTests.debug.xcconfig"; sourceTree = "<group>"; };
		BB9B5B02046BDAFAD7284A28 /* Pods-setuyaku.release.xcconfig */ = {isa = PBXFileReference; includeInIndex = 1; lastKnownFileType = text.xcconfig; name = "Pods-setuyaku.release.xcconfig"; path = "Pods/Target Support Files/Pods-setuyaku/Pods-setuyaku.release.xcconfig"; sourceTree = "<group>"; };
/* End PBXFileReference section */

/* Begin PBXFrameworksBuildPhase section */
		2275167D203589C5008C84A9 /* Frameworks */ = {
			isa = PBXFrameworksBuildPhase;
			buildActionMask = 2147483647;
			files = (
				1B53907A2381700ADCB1607C /* Pods_setuyaku.framework in Frameworks */,
			);
			runOnlyForDeploymentPostprocessing = 0;
		};
		22751691203589C5008C84A9 /* Frameworks */ = {
			isa = PBXFrameworksBuildPhase;
			buildActionMask = 2147483647;
			files = (
				2F3DDD6A1969B0AE8EDC9C1F /* Pods_setuyakuTests.framework in Frameworks */,
			);
			runOnlyForDeploymentPostprocessing = 0;
		};
		2275169C203589C5008C84A9 /* Frameworks */ = {
			isa = PBXFrameworksBuildPhase;
			buildActionMask = 2147483647;
			files = (
				781ACF9778DE9E61CA50499D /* Pods_setuyakuUITests.framework in Frameworks */,
			);
			runOnlyForDeploymentPostprocessing = 0;
		};
/* End PBXFrameworksBuildPhase section */

/* Begin PBXGroup section */
		22751677203589C4008C84A9 = {
			isa = PBXGroup;
			children = (
				22751682203589C5008C84A9 /* setuyaku */,
				22751697203589C5008C84A9 /* setuyakuTests */,
				227516A2203589C5008C84A9 /* setuyakuUITests */,
				22751681203589C5008C84A9 /* Products */,
				D90F70273DB507E881631E96 /* Pods */,
				35F27E910E40A65EC6DA79F3 /* Frameworks */,
			);
			sourceTree = "<group>";
		};
		22751681203589C5008C84A9 /* Products */ = {
			isa = PBXGroup;
			children = (
				22751680203589C5008C84A9 /* setuyaku.app */,
				22751694203589C5008C84A9 /* setuyakuTests.xctest */,
				2275169F203589C5008C84A9 /* setuyakuUITests.xctest */,
			);
			name = Products;
			sourceTree = "<group>";
		};
		22751682203589C5008C84A9 /* setuyaku */ = {
			isa = PBXGroup;
			children = (
				220F844D20C15075001E78D0 /* NotoSansCJKjp-Blackのコピー2.otf */,
				220F844A20C15071001E78D0 /* NotoSansCJKjp-Boldのコピー2.otf */,
				220F844820C15069001E78D0 /* NotoSansCJKjp-DemiLightのコピー2.otf */,
				220F844920C15070001E78D0 /* NotoSansCJKjp-Lightのコピー2.otf */,
				220F844F20C15076001E78D0 /* NotoSansCJKjp-Mediumのコピー2.otf */,
				220F844C20C15073001E78D0 /* NotoSansCJKjp-Regularのコピー2.otf */,
				220F844B20C15072001E78D0 /* NotoSansCJKjp-Thinのコピー2.otf */,
				220F844620C15065001E78D0 /* NotoSansMonoCJKjp-Boldのコピー2.otf */,
				220F844720C15067001E78D0 /* NotoSansMonoCJKjp-Regularのコピー2.otf */,
				220F844E20C15075001E78D0 /* Oranienbaumのコピー2.ttf */,
				22751683203589C5008C84A9 /* AppDelegate.swift */,
				22751685203589C5008C84A9 /* ViewController.swift */,
				220F845020C161CB001E78D0 /* kirokuViewController.swift */,
				220F845220C161E6001E78D0 /* youbiViewController.swift */,
				220F845420C16206001E78D0 /* memoViewController.swift */,
				221E1CD520DD01040038CB5B /* kakodataViewController.swift */,
				221E1CD720DD013D0038CB5B /* FirstViewController.swift */,
				22751687203589C5008C84A9 /* Main.storyboard */,
				2275168A203589C5008C84A9 /* Assets.xcassets */,
				2275168C203589C5008C84A9 /* LaunchScreen.storyboard */,
				2275168F203589C5008C84A9 /* Info.plist */,
			);
			path = setuyaku;
			sourceTree = "<group>";
		};
		22751697203589C5008C84A9 /* setuyakuTests */ = {
			isa = PBXGroup;
			children = (
				22751698203589C5008C84A9 /* setuyakuTests.swift */,
				2275169A203589C5008C84A9 /* Info.plist */,
			);
			path = setuyakuTests;
			sourceTree = "<group>";
		};
		227516A2203589C5008C84A9 /* setuyakuUITests */ = {
			isa = PBXGroup;
			children = (
				227516A3203589C5008C84A9 /* setuyakuUITests.swift */,
				227516A5203589C5008C84A9 /* Info.plist */,
			);
			path = setuyakuUITests;
			sourceTree = "<group>";
		};
		35F27E910E40A65EC6DA79F3 /* Frameworks */ = {
			isa = PBXGroup;
			children = (
				31EA431878053C85A89F8E36 /* Pods_setuyaku.framework */,
				00359E6DEDE53D6AA70B71C0 /* Pods_setuyakuTests.framework */,
				712441DF1820DFE0FFB55948 /* Pods_setuyakuUITests.framework */,
			);
			name = Frameworks;
			sourceTree = "<group>";
		};
		D90F70273DB507E881631E96 /* Pods */ = {
			isa = PBXGroup;
			children = (
				67401F29AF81C488DD0DE90D /* Pods-setuyaku.debug.xcconfig */,
				BB9B5B02046BDAFAD7284A28 /* Pods-setuyaku.release.xcconfig */,
				ADEB11FD516C1BB3FE64DA94 /* Pods-setuyakuTests.debug.xcconfig */,
				2E25BCDB0E44641E7828DB85 /* Pods-setuyakuTests.release.xcconfig */,
				0E4ACC8B0C6B899362F129FD /* Pods-setuyakuUITests.debug.xcconfig */,
				AD58E3201F927C72823877C0 /* Pods-setuyakuUITests.release.xcconfig */,
			);
			name = Pods;
			sourceTree = "<group>";
		};
/* End PBXGroup section */

/* Begin PBXNativeTarget section */
		2275167F203589C5008C84A9 /* setuyaku */ = {
			isa = PBXNativeTarget;
			buildConfigurationList = 227516A8203589C5008C84A9 /* Build configuration list for PBXNativeTarget "setuyaku" */;
			buildPhases = (
				6B3CA54B9E7E273838909A4A /* [CP] Check Pods Manifest.lock */,
				2275167C203589C5008C84A9 /* Sources */,
				2275167D203589C5008C84A9 /* Frameworks */,
				2275167E203589C5008C84A9 /* Resources */,
				A606AB09E10378F63895FAD7 /* [CP] Embed Pods Frameworks */,
				613F6C70F55C3ADA1E87A667 /* [CP] Copy Pods Resources */,
			);
			buildRules = (
			);
			dependencies = (
			);
			name = setuyaku;
			productName = setuyaku;
			productReference = 22751680203589C5008C84A9 /* setuyaku.app */;
			productType = "com.apple.product-type.application";
		};
		22751693203589C5008C84A9 /* setuyakuTests */ = {
			isa = PBXNativeTarget;
			buildConfigurationList = 227516AB203589C5008C84A9 /* Build configuration list for PBXNativeTarget "setuyakuTests" */;
			buildPhases = (
				E39098D442EF0EC049FA1DA5 /* [CP] Check Pods Manifest.lock */,
				22751690203589C5008C84A9 /* Sources */,
				22751691203589C5008C84A9 /* Frameworks */,
				22751692203589C5008C84A9 /* Resources */,
				9BACE392E5E4501D35FB054C /* [CP] Embed Pods Frameworks */,
				BC2351847C23EF959F6E8A79 /* [CP] Copy Pods Resources */,
			);
			buildRules = (
			);
			dependencies = (
				22751696203589C5008C84A9 /* PBXTargetDependency */,
			);
			name = setuyakuTests;
			productName = setuyakuTests;
			productReference = 22751694203589C5008C84A9 /* setuyakuTests.xctest */;
			productType = "com.apple.product-type.bundle.unit-test";
		};
		2275169E203589C5008C84A9 /* setuyakuUITests */ = {
			isa = PBXNativeTarget;
			buildConfigurationList = 227516AE203589C5008C84A9 /* Build configuration list for PBXNativeTarget "setuyakuUITests" */;
			buildPhases = (
				1A3136D1FA0A6E798DC70F30 /* [CP] Check Pods Manifest.lock */,
				2275169B203589C5008C84A9 /* Sources */,
				2275169C203589C5008C84A9 /* Frameworks */,
				2275169D203589C5008C84A9 /* Resources */,
				48265470601F3C7841A12CDA /* [CP] Embed Pods Frameworks */,
				B841141AEB5095D726DBCD7A /* [CP] Copy Pods Resources */,
			);
			buildRules = (
			);
			dependencies = (
				227516A1203589C5008C84A9 /* PBXTargetDependency */,
			);
			name = setuyakuUITests;
			productName = setuyakuUITests;
			productReference = 2275169F203589C5008C84A9 /* setuyakuUITests.xctest */;
			productType = "com.apple.product-type.bundle.ui-testing";
		};
/* End PBXNativeTarget section */

/* Begin PBXProject section */
		22751678203589C4008C84A9 /* Project object */ = {
			isa = PBXProject;
			attributes = {
				LastSwiftUpdateCheck = 0920;
				LastUpgradeCheck = 0920;
				ORGANIZATIONNAME = keniku_macbook;
				TargetAttributes = {
					2275167F203589C5008C84A9 = {
						CreatedOnToolsVersion = 9.2;
						ProvisioningStyle = Automatic;
					};
					22751693203589C5008C84A9 = {
						CreatedOnToolsVersion = 9.2;
						ProvisioningStyle = Automatic;
						TestTargetID = 2275167F203589C5008C84A9;
					};
					2275169E203589C5008C84A9 = {
						CreatedOnToolsVersion = 9.2;
						ProvisioningStyle = Automatic;
						TestTargetID = 2275167F203589C5008C84A9;
					};
				};
			};
			buildConfigurationList = 2275167B203589C4008C84A9 /* Build configuration list for PBXProject "setuyaku" */;
			compatibilityVersion = "Xcode 8.0";
			developmentRegion = en;
			hasScannedForEncodings = 0;
			knownRegions = (
				en,
				Base,
			);
			mainGroup = 22751677203589C4008C84A9;
			productRefGroup = 22751681203589C5008C84A9 /* Products */;
			projectDirPath = "";
			projectRoot = "";
			targets = (
				2275167F203589C5008C84A9 /* setuyaku */,
				22751693203589C5008C84A9 /* setuyakuTests */,
				2275169E203589C5008C84A9 /* setuyakuUITests */,
			);
		};
/* End PBXProject section */

/* Begin PBXResourcesBuildPhase section */
		2275167E203589C5008C84A9 /* Resources */ = {
			isa = PBXResourcesBuildPhase;
			buildActionMask = 2147483647;
			files = (
				2275168E203589C5008C84A9 /* LaunchScreen.storyboard in Resources */,
				2275168B203589C5008C84A9 /* Assets.xcassets in Resources */,
				22751689203589C5008C84A9 /* Main.storyboard in Resources */,
			);
			runOnlyForDeploymentPostprocessing = 0;
		};
		22751692203589C5008C84A9 /* Resources */ = {
			isa = PBXResourcesBuildPhase;
			buildActionMask = 2147483647;
			files = (
			);
			runOnlyForDeploymentPostprocessing = 0;
		};
		2275169D203589C5008C84A9 /* Resources */ = {
			isa = PBXResourcesBuildPhase;
			buildActionMask = 2147483647;
			files = (
			);
			runOnlyForDeploymentPostprocessing = 0;
		};
/* End PBXResourcesBuildPhase section */

/* Begin PBXShellScriptBuildPhase section */
		1A3136D1FA0A6E798DC70F30 /* [CP] Check Pods Manifest.lock */ = {
			isa = PBXShellScriptBuildPhase;
			buildActionMask = 2147483647;
			files = (
			);
			inputPaths = (
				"${PODS_PODFILE_DIR_PATH}/Podfile.lock",
				"${PODS_ROOT}/Manifest.lock",
			);
			name = "[CP] Check Pods Manifest.lock";
			outputPaths = (
				"$(DERIVED_FILE_DIR)/Pods-setuyakuUITests-checkManifestLockResult.txt",
			);
			runOnlyForDeploymentPostprocessing = 0;
			shellPath = /bin/sh;
			shellScript = "diff \"${PODS_PODFILE_DIR_PATH}/Podfile.lock\" \"${PODS_ROOT}/Manifest.lock\" > /dev/null\nif [ $? != 0 ] ; then\n    # print error to STDERR\n    echo \"error: The sandbox is not in sync with the Podfile.lock. Run 'pod install' or update your CocoaPods installation.\" >&2\n    exit 1\nfi\n# This output is used by Xcode 'outputs' to avoid re-running this script phase.\necho \"SUCCESS\" > \"${SCRIPT_OUTPUT_FILE_0}\"\n";
			showEnvVarsInLog = 0;
		};
		48265470601F3C7841A12CDA /* [CP] Embed Pods Frameworks */ = {
			isa = PBXShellScriptBuildPhase;
			buildActionMask = 2147483647;
			files = (
			);
			inputPaths = (
			);
			name = "[CP] Embed Pods Frameworks";
			outputPaths = (
			);
			runOnlyForDeploymentPostprocessing = 0;
			shellPath = /bin/sh;
			shellScript = "\"${SRCROOT}/Pods/Target Support Files/Pods-setuyakuUITests/Pods-setuyakuUITests-frameworks.sh\"\n";
			showEnvVarsInLog = 0;
		};
		613F6C70F55C3ADA1E87A667 /* [CP] Copy Pods Resources */ = {
			isa = PBXShellScriptBuildPhase;
			buildActionMask = 2147483647;
			files = (
			);
			inputPaths = (
			);
			name = "[CP] Copy Pods Resources";
			outputPaths = (
			);
			runOnlyForDeploymentPostprocessing = 0;
			shellPath = /bin/sh;
			shellScript = "\"${SRCROOT}/Pods/Target Support Files/Pods-setuyaku/Pods-setuyaku-resources.sh\"\n";
			showEnvVarsInLog = 0;
		};
		6B3CA54B9E7E273838909A4A /* [CP] Check Pods Manifest.lock */ = {
			isa = PBXShellScriptBuildPhase;
			buildActionMask = 2147483647;
			files = (
			);
			inputPaths = (
				"${PODS_PODFILE_DIR_PATH}/Podfile.lock",
				"${PODS_ROOT}/Manifest.lock",
			);
			name = "[CP] Check Pods Manifest.lock";
			outputPaths = (
				"$(DERIVED_FILE_DIR)/Pods-setuyaku-checkManifestLockResult.txt",
			);
			runOnlyForDeploymentPostprocessing = 0;
			shellPath = /bin/sh;
			shellScript = "diff \"${PODS_PODFILE_DIR_PATH}/Podfile.lock\" \"${PODS_ROOT}/Manifest.lock\" > /dev/null\nif [ $? != 0 ] ; then\n    # print error to STDERR\n    echo \"error: The sandbox is not in sync with the Podfile.lock. Run 'pod install' or update your CocoaPods installation.\" >&2\n    exit 1\nfi\n# This output is used by Xcode 'outputs' to avoid re-running this script phase.\necho \"SUCCESS\" > \"${SCRIPT_OUTPUT_FILE_0}\"\n";
			showEnvVarsInLog = 0;
		};
		9BACE392E5E4501D35FB054C /* [CP] Embed Pods Frameworks */ = {
			isa = PBXShellScriptBuildPhase;
			buildActionMask = 2147483647;
			files = (
			);
			inputPaths = (
			);
			name = "[CP] Embed Pods Frameworks";
			outputPaths = (
			);
			runOnlyForDeploymentPostprocessing = 0;
			shellPath = /bin/sh;
			shellScript = "\"${SRCROOT}/Pods/Target Support Files/Pods-setuyakuTests/Pods-setuyakuTests-frameworks.sh\"\n";
			showEnvVarsInLog = 0;
		};
		A606AB09E10378F63895FAD7 /* [CP] Embed Pods Frameworks */ = {
			isa = PBXShellScriptBuildPhase;
			buildActionMask = 2147483647;
			files = (
			);
			inputPaths = (
				"${SRCROOT}/Pods/Target Support Files/Pods-setuyaku/Pods-setuyaku-frameworks.sh",
				"${BUILT_PRODUCTS_DIR}/Charts/Charts.framework",
			);
			name = "[CP] Embed Pods Frameworks";
			outputPaths = (
				"${TARGET_BUILD_DIR}/${FRAMEWORKS_FOLDER_PATH}/Charts.framework",
			);
			runOnlyForDeploymentPostprocessing = 0;
			shellPath = /bin/sh;
			shellScript = "\"${SRCROOT}/Pods/Target Support Files/Pods-setuyaku/Pods-setuyaku-frameworks.sh\"\n";
			showEnvVarsInLog = 0;
		};
		B841141AEB5095D726DBCD7A /* [CP] Copy Pods Resources */ = {
			isa = PBXShellScriptBuildPhase;
			buildActionMask = 2147483647;
			files = (
			);
			inputPaths = (
			);
			name = "[CP] Copy Pods Resources";
			outputPaths = (
			);
			runOnlyForDeploymentPostprocessing = 0;
			shellPath = /bin/sh;
			shellScript = "\"${SRCROOT}/Pods/Target Support Files/Pods-setuyakuUITests/Pods-setuyakuUITests-resources.sh\"\n";
			showEnvVarsInLog = 0;
		};
		BC2351847C23EF959F6E8A79 /* [CP] Copy Pods Resources */ = {
			isa = PBXShellScriptBuildPhase;
			buildActionMask = 2147483647;
			files = (
			);
			inputPaths = (
			);
			name = "[CP] Copy Pods Resources";
			outputPaths = (
			);
			runOnlyForDeploymentPostprocessing = 0;
			shellPath = /bin/sh;
			shellScript = "\"${SRCROOT}/Pods/Target Support Files/Pods-setuyakuTests/Pods-setuyakuTests-resources.sh\"\n";
			showEnvVarsInLog = 0;
		};
		E39098D442EF0EC049FA1DA5 /* [CP] Check Pods Manifest.lock */ = {
			isa = PBXShellScriptBuildPhase;
			buildActionMask = 2147483647;
			files = (
			);
			inputPaths = (
				"${PODS_PODFILE_DIR_PATH}/Podfile.lock",
				"${PODS_ROOT}/Manifest.lock",
			);
			name = "[CP] Check Pods Manifest.lock";
			outputPaths = (
				"$(DERIVED_FILE_DIR)/Pods-setuyakuTests-checkManifestLockResult.txt",
			);
			runOnlyForDeploymentPostprocessing = 0;
			shellPath = /bin/sh;
			shellScript = "diff \"${PODS_PODFILE_DIR_PATH}/Podfile.lock\" \"${PODS_ROOT}/Manifest.lock\" > /dev/null\nif [ $? != 0 ] ; then\n    # print error to STDERR\n    echo \"error: The sandbox is not in sync with the Podfile.lock. Run 'pod install' or update your CocoaPods installation.\" >&2\n    exit 1\nfi\n# This output is used by Xcode 'outputs' to avoid re-running this script phase.\necho \"SUCCESS\" > \"${SCRIPT_OUTPUT_FILE_0}\"\n";
			showEnvVarsInLog = 0;
		};
/* End PBXShellScriptBuildPhase section */

/* Begin PBXSourcesBuildPhase section */
		2275167C203589C5008C84A9 /* Sources */ = {
			isa = PBXSourcesBuildPhase;
			buildActionMask = 2147483647;
			files = (
				220F845520C16206001E78D0 /* memoViewController.swift in Sources */,
				22751686203589C5008C84A9 /* ViewController.swift in Sources */,
				22751684203589C5008C84A9 /* AppDelegate.swift in Sources */,
				220F845120C161CB001E78D0 /* kirokuViewController.swift in Sources */,
				221E1CD620DD01040038CB5B /* kakodataViewController.swift in Sources */,
				220F845320C161E6001E78D0 /* youbiViewController.swift in Sources */,
				221E1CD820DD013D0038CB5B /* FirstViewController.swift in Sources */,
			);
			runOnlyForDeploymentPostprocessing = 0;
		};
		22751690203589C5008C84A9 /* Sources */ = {
			isa = PBXSourcesBuildPhase;
			buildActionMask = 2147483647;
			files = (
				22751699203589C5008C84A9 /* setuyakuTests.swift in Sources */,
			);
			runOnlyForDeploymentPostprocessing = 0;
		};
		2275169B203589C5008C84A9 /* Sources */ = {
			isa = PBXSourcesBuildPhase;
			buildActionMask = 2147483647;
			files = (
				227516A4203589C5008C84A9 /* setuyakuUITests.swift in Sources */,
			);
			runOnlyForDeploymentPostprocessing = 0;
		};
/* End PBXSourcesBuildPhase section */

/* Begin PBXTargetDependency section */
		22751696203589C5008C84A9 /* PBXTargetDependency */ = {
			isa = PBXTargetDependency;
			target = 2275167F203589C5008C84A9 /* setuyaku */;
			targetProxy = 22751695203589C5008C84A9 /* PBXContainerItemProxy */;
		};
		227516A1203589C5008C84A9 /* PBXTargetDependency */ = {
			isa = PBXTargetDependency;
			target = 2275167F203589C5008C84A9 /* setuyaku */;
			targetProxy = 227516A0203589C5008C84A9 /* PBXContainerItemProxy */;
		};
/* End PBXTargetDependency section */

/* Begin PBXVariantGroup section */
		22751687203589C5008C84A9 /* Main.storyboard */ = {
			isa = PBXVariantGroup;
			children = (
				22751688203589C5008C84A9 /* Base */,
			);
			name = Main.storyboard;
			sourceTree = "<group>";
		};
		2275168C203589C5008C84A9 /* LaunchScreen.storyboard */ = {
			isa = PBXVariantGroup;
			children = (
				2275168D203589C5008C84A9 /* Base */,
			);
			name = LaunchScreen.storyboard;
			sourceTree = "<group>";
		};
/* End PBXVariantGroup section */

/* Begin XCBuildConfiguration section */
		227516A6203589C5008C84A9 /* Debug */ = {
			isa = XCBuildConfiguration;
			buildSettings = {
				ALWAYS_SEARCH_USER_PATHS = NO;
				CLANG_ANALYZER_NONNULL = YES;
				CLANG_ANALYZER_NUMBER_OBJECT_CONVERSION = YES_AGGRESSIVE;
				CLANG_CXX_LANGUAGE_STANDARD = "gnu++14";
				CLANG_CXX_LIBRARY = "libc++";
				CLANG_ENABLE_MODULES = YES;
				CLANG_ENABLE_OBJC_ARC = YES;
				CLANG_WARN_BLOCK_CAPTURE_AUTORELEASING = YES;
				CLANG_WARN_BOOL_CONVERSION = YES;
				CLANG_WARN_COMMA = YES;
				CLANG_WARN_CONSTANT_CONVERSION = YES;
				CLANG_WARN_DIRECT_OBJC_ISA_USAGE = YES_ERROR;
				CLANG_WARN_DOCUMENTATION_COMMENTS = YES;
				CLANG_WARN_EMPTY_BODY = YES;
				CLANG_WARN_ENUM_CONVERSION = YES;
				CLANG_WARN_INFINITE_RECURSION = YES;
				CLANG_WARN_INT_CONVERSION = YES;
				CLANG_WARN_NON_LITERAL_NULL_CONVERSION = YES;
				CLANG_WARN_OBJC_LITERAL_CONVERSION = YES;
				CLANG_WARN_OBJC_ROOT_CLASS = YES_ERROR;
				CLANG_WARN_RANGE_LOOP_ANALYSIS = YES;
				CLANG_WARN_STRICT_PROTOTYPES = YES;
				CLANG_WARN_SUSPICIOUS_MOVE = YES;
				CLANG_WARN_UNGUARDED_AVAILABILITY = YES_AGGRESSIVE;
				CLANG_WARN_UNREACHABLE_CODE = YES;
				CLANG_WARN__DUPLICATE_METHOD_MATCH = YES;
				CODE_SIGN_IDENTITY = "iPhone Developer";
				COPY_PHASE_STRIP = NO;
				DEBUG_INFORMATION_FORMAT = dwarf;
				ENABLE_STRICT_OBJC_MSGSEND = YES;
				ENABLE_TESTABILITY = YES;
				GCC_C_LANGUAGE_STANDARD = gnu11;
				GCC_DYNAMIC_NO_PIC = NO;
				GCC_NO_COMMON_BLOCKS = YES;
				GCC_OPTIMIZATION_LEVEL = 0;
				GCC_PREPROCESSOR_DEFINITIONS = (
					"DEBUG=1",
					"$(inherited)",
				);
				GCC_WARN_64_TO_32_BIT_CONVERSION = YES;
				GCC_WARN_ABOUT_RETURN_TYPE = YES_ERROR;
				GCC_WARN_UNDECLARED_SELECTOR = YES;
				GCC_WARN_UNINITIALIZED_AUTOS = YES_AGGRESSIVE;
				GCC_WARN_UNUSED_FUNCTION = YES;
				GCC_WARN_UNUSED_VARIABLE = YES;
				IPHONEOS_DEPLOYMENT_TARGET = 11.2;
				MTL_ENABLE_DEBUG_INFO = YES;
				ONLY_ACTIVE_ARCH = YES;
				SDKROOT = iphoneos;
				SWIFT_ACTIVE_COMPILATION_CONDITIONS = DEBUG;
				SWIFT_OPTIMIZATION_LEVEL = "-Onone";
			};
			name = Debug;
		};
		227516A7203589C5008C84A9 /* Release */ = {
			isa = XCBuildConfiguration;
			buildSettings = {
				ALWAYS_SEARCH_USER_PATHS = NO;
				CLANG_ANALYZER_NONNULL = YES;
				CLANG_ANALYZER_NUMBER_OBJECT_CONVERSION = YES_AGGRESSIVE;
				CLANG_CXX_LANGUAGE_STANDARD = "gnu++14";
				CLANG_CXX_LIBRARY = "libc++";
				CLANG_ENABLE_MODULES = YES;
				CLANG_ENABLE_OBJC_ARC = YES;
				CLANG_WARN_BLOCK_CAPTURE_AUTORELEASING = YES;
				CLANG_WARN_BOOL_CONVERSION = YES;
				CLANG_WARN_COMMA = YES;
				CLANG_WARN_CONSTANT_CONVERSION = YES;
				CLANG_WARN_DIRECT_OBJC_ISA_USAGE = YES_ERROR;
				CLANG_WARN_DOCUMENTATION_COMMENTS = YES;
				CLANG_WARN_EMPTY_BODY = YES;
				CLANG_WARN_ENUM_CONVERSION = YES;
				CLANG_WARN_INFINITE_RECURSION = YES;
				CLANG_WARN_INT_CONVERSION = YES;
				CLANG_WARN_NON_LITERAL_NULL_CONVERSION = YES;
				CLANG_WARN_OBJC_LITERAL_CONVERSION = YES;
				CLANG_WARN_OBJC_ROOT_CLASS = YES_ERROR;
				CLANG_WARN_RANGE_LOOP_ANALYSIS = YES;
				CLANG_WARN_STRICT_PROTOTYPES = YES;
				CLANG_WARN_SUSPICIOUS_MOVE = YES;
				CLANG_WARN_UNGUARDED_AVAILABILITY = YES_AGGRESSIVE;
				CLANG_WARN_UNREACHABLE_CODE = YES;
				CLANG_WARN__DUPLICATE_METHOD_MATCH = YES;
				CODE_SIGN_IDENTITY = "iPhone Developer";
				COPY_PHASE_STRIP = NO;
				DEBUG_INFORMATION_FORMAT = "dwarf-with-dsym";
				ENABLE_NS_ASSERTIONS = NO;
				ENABLE_STRICT_OBJC_MSGSEND = YES;
				GCC_C_LANGUAGE_STANDARD = gnu11;
				GCC_NO_COMMON_BLOCKS = YES;
				GCC_WARN_64_TO_32_BIT_CONVERSION = YES;
				GCC_WARN_ABOUT_RETURN_TYPE = YES_ERROR;
				GCC_WARN_UNDECLARED_SELECTOR = YES;
				GCC_WARN_UNINITIALIZED_AUTOS = YES_AGGRESSIVE;
				GCC_WARN_UNUSED_FUNCTION = YES;
				GCC_WARN_UNUSED_VARIABLE = YES;
				IPHONEOS_DEPLOYMENT_TARGET = 11.2;
				MTL_ENABLE_DEBUG_INFO = NO;
				SDKROOT = iphoneos;
				SWIFT_OPTIMIZATION_LEVEL = "-Owholemodule";
				VALIDATE_PRODUCT = YES;
			};
			name = Release;
		};
		227516A9203589C5008C84A9 /* Debug */ = {
			isa = XCBuildConfiguration;
			baseConfigurationReference = 67401F29AF81C488DD0DE90D /* Pods-setuyaku.debug.xcconfig */;
			buildSettings = {
				ASSETCATALOG_COMPILER_APPICON_NAME = AppIcon;
				CODE_SIGN_STYLE = Automatic;
				INFOPLIST_FILE = setuyaku/Info.plist;
				LD_RUNPATH_SEARCH_PATHS = "$(inherited) @executable_path/Frameworks";
				PRODUCT_BUNDLE_IDENTIFIER = com.litech.setuyaku;
				PRODUCT_NAME = "$(TARGET_NAME)";
				SWIFT_VERSION = 4.0;
				TARGETED_DEVICE_FAMILY = "1,2";
			};
			name = Debug;
		};
		227516AA203589C5008C84A9 /* Release */ = {
			isa = XCBuildConfiguration;
			baseConfigurationReference = BB9B5B02046BDAFAD7284A28 /* Pods-setuyaku.release.xcconfig */;
			buildSettings = {
				ASSETCATALOG_COMPILER_APPICON_NAME = AppIcon;
				CODE_SIGN_STYLE = Automatic;
				INFOPLIST_FILE = setuyaku/Info.plist;
				LD_RUNPATH_SEARCH_PATHS = "$(inherited) @executable_path/Frameworks";
				PRODUCT_BUNDLE_IDENTIFIER = com.litech.setuyaku;
				PRODUCT_NAME = "$(TARGET_NAME)";
				SWIFT_VERSION = 4.0;
				TARGETED_DEVICE_FAMILY = "1,2";
			};
			name = Release;
		};
		227516AC203589C5008C84A9 /* Debug */ = {
			isa = XCBuildConfiguration;
			baseConfigurationReference = ADEB11FD516C1BB3FE64DA94 /* Pods-setuyakuTests.debug.xcconfig */;
			buildSettings = {
				ALWAYS_EMBED_SWIFT_STANDARD_LIBRARIES = YES;
				BUNDLE_LOADER = "$(TEST_HOST)";
				CODE_SIGN_STYLE = Automatic;
				INFOPLIST_FILE = setuyakuTests/Info.plist;
				LD_RUNPATH_SEARCH_PATHS = "$(inherited) @executable_path/Frameworks @loader_path/Frameworks";
				PRODUCT_BUNDLE_IDENTIFIER = com.litech.setuyakuTests;
				PRODUCT_NAME = "$(TARGET_NAME)";
				SWIFT_VERSION = 4.0;
				TARGETED_DEVICE_FAMILY = "1,2";
				TEST_HOST = "$(BUILT_PRODUCTS_DIR)/setuyaku.app/setuyaku";
			};
			name = Debug;
		};
		227516AD203589C5008C84A9 /* Release */ = {
			isa = XCBuildConfiguration;
			baseConfigurationReference = 2E25BCDB0E44641E7828DB85 /* Pods-setuyakuTests.release.xcconfig */;
			buildSettings = {
				ALWAYS_EMBED_SWIFT_STANDARD_LIBRARIES = YES;
				BUNDLE_LOADER = "$(TEST_HOST)";
				CODE_SIGN_STYLE = Automatic;
				INFOPLIST_FILE = setuyakuTests/Info.plist;
				LD_RUNPATH_SEARCH_PATHS = "$(inherited) @executable_path/Frameworks @loader_path/Frameworks";
				PRODUCT_BUNDLE_IDENTIFIER = com.litech.setuyakuTests;
				PRODUCT_NAME = "$(TARGET_NAME)";
				SWIFT_VERSION = 4.0;
				TARGETED_DEVICE_FAMILY = "1,2";
				TEST_HOST = "$(BUILT_PRODUCTS_DIR)/setuyaku.app/setuyaku";
			};
			name = Release;
		};
		227516AF203589C5008C84A9 /* Debug */ = {
			isa = XCBuildConfiguration;
			baseConfigurationReference = 0E4ACC8B0C6B899362F129FD /* Pods-setuyakuUITests.debug.xcconfig */;
			buildSettings = {
				ALWAYS_EMBED_SWIFT_STANDARD_LIBRARIES = YES;
				CODE_SIGN_STYLE = Automatic;
				INFOPLIST_FILE = setuyakuUITests/Info.plist;
				LD_RUNPATH_SEARCH_PATHS = "$(inherited) @executable_path/Frameworks @loader_path/Frameworks";
				PRODUCT_BUNDLE_IDENTIFIER = com.litech.setuyakuUITests;
				PRODUCT_NAME = "$(TARGET_NAME)";
				SWIFT_VERSION = 4.0;
				TARGETED_DEVICE_FAMILY = "1,2";
				TEST_TARGET_NAME = setuyaku;
			};
			name = Debug;
		};
		227516B0203589C5008C84A9 /* Release */ = {
			isa = XCBuildConfiguration;
			baseConfigurationReference = AD58E3201F927C72823877C0 /* Pods-setuyakuUITests.release.xcconfig */;
			buildSettings = {
				ALWAYS_EMBED_SWIFT_STANDARD_LIBRARIES = YES;
				CODE_SIGN_STYLE = Automatic;
				INFOPLIST_FILE = setuyakuUITests/Info.plist;
				LD_RUNPATH_SEARCH_PATHS = "$(inherited) @executable_path/Frameworks @loader_path/Frameworks";
				PRODUCT_BUNDLE_IDENTIFIER = com.litech.setuyakuUITests;
				PRODUCT_NAME = "$(TARGET_NAME)";
				SWIFT_VERSION = 4.0;
				TARGETED_DEVICE_FAMILY = "1,2";
				TEST_TARGET_NAME = setuyaku;
			};
			name = Release;
		};
/* End XCBuildConfiguration section */

/* Begin XCConfigurationList section */
		2275167B203589C4008C84A9 /* Build configuration list for PBXProject "setuyaku" */ = {
			isa = XCConfigurationList;
			buildConfigurations = (
				227516A6203589C5008C84A9 /* Debug */,
				227516A7203589C5008C84A9 /* Release */,
			);
			defaultConfigurationIsVisible = 0;
			defaultConfigurationName = Release;
		};
		227516A8203589C5008C84A9 /* Build configuration list for PBXNativeTarget "setuyaku" */ = {
			isa = XCConfigurationList;
			buildConfigurations = (
				227516A9203589C5008C84A9 /* Debug */,
				227516AA203589C5008C84A9 /* Release */,
			);
			defaultConfigurationIsVisible = 0;
			defaultConfigurationName = Release;
		};
		227516AB203589C5008C84A9 /* Build configuration list for PBXNativeTarget "setuyakuTests" */ = {
			isa = XCConfigurationList;
			buildConfigurations = (
				227516AC203589C5008C84A9 /* Debug */,
				227516AD203589C5008C84A9 /* Release */,
			);
			defaultConfigurationIsVisible = 0;
			defaultConfigurationName = Release;
		};
		227516AE203589C5008C84A9 /* Build configuration list for PBXNativeTarget "setuyakuUITests" */ = {
			isa = XCConfigurationList;
			buildConfigurations = (
				227516AF203589C5008C84A9 /* Debug */,
				227516B0203589C5008C84A9 /* Release */,
			);
			defaultConfigurationIsVisible = 0;
			defaultConfigurationName = Release;
		};
/* End XCConfigurationList section */
	};
	rootObject = 22751678203589C4008C84A9 /* Project object */;
}
